
Microsoft Visual Studio Solution File, Format Version 12.00
# Visual Studio Version 17
VisualStudioVersion = 17.3.32901.215
MinimumVisualStudioVersion = 10.0.40219.1
Project("{8BC9CEB8-8B4A-11D0-8D11-00A0C91BC942}") = "Introduction_To_OOP_2.0", "Introduction_To_OOP_2.0\Introduction_To_OOP_2.0.vcxproj", "{BD02CD34-5317-463A-9C05-C09C10AB475C}"
EndProject
Project("{8BC9CEB8-8B4A-11D0-8D11-00A0C91BC942}") = "Fraction", "Fraction\Fraction.vcxproj", "{C29290B3-BC85-4D97-AD10-B93515988EC4}"
EndProject
Global
	GlobalSection(SolutionConfigurationPlatforms) = preSolution
		Debug|x64 = Debug|x64
		Debug|x86 = Debug|x86
		Release|x64 = Release|x64
		Release|x86 = Release|x86
	EndGlobalSection
	GlobalSection(ProjectConfigurationPlatforms) = postSolution
		{BD02CD34-5317-463A-9C05-C09C10AB475C}.Debug|x64.ActiveCfg = Debug|x64
		{BD02CD34-5317-463A-9C05-C09C10AB475C}.Debug|x64.Build.0 = Debug|x64
		{BD02CD34-5317-463A-9C05-C09C10AB475C}.Debug|x86.ActiveCfg = Debug|Win32
		{BD02CD34-5317-463A-9C05-C09C10AB475C}.Debug|x86.Build.0 = Debug|Win32
		{BD02CD34-5317-463A-9C05-C09C10AB475C}.Release|x64.ActiveCfg = Release|x64
		{BD02CD34-5317-463A-9C05-C09C10AB475C}.Release|x64.Build.0 = Release|x64
		{BD02CD34-5317-463A-9C05-C09C10AB475C}.Release|x86.ActiveCfg = Release|Win32
		{BD02CD34-5317-463A-9C05-C09C10AB475C}.Release|x86.Build.0 = Release|Win32
		{C29290B3-BC85-4D97-AD10-B93515988EC4}.Debug|x64.ActiveCfg = Debug|x64
		{C29290B3-BC85-4D97-AD10-B93515988EC4}.Debug|x64.Build.0 = Debug|x64
		{C29290B3-BC85-4D97-AD10-B93515988EC4}.Debug|x86.ActiveCfg = Debug|Win32
		{C29290B3-BC85-4D97-AD10-B93515988EC4}.Debug|x86.Build.0 = Debug|Win32
		{C29290B3-BC85-4D97-AD10-B93515988EC4}.Release|x64.ActiveCfg = Release|x64
		{C29290B3-BC85-4D97-AD10-B93515988EC4}.Release|x64.Build.0 = Release|x64
		{C29290B3-BC85-4D97-AD10-B93515988EC4}.Release|x86.ActiveCfg = Release|Win32
		{C29290B3-BC85-4D97-AD10-B93515988EC4}.Release|x86.Build.0 = Release|Win32
	EndGlobalSection
	GlobalSection(SolutionProperties) = preSolution
		HideSolutionNode = FALSE
	EndGlobalSection
	GlobalSection(ExtensibilityGlobals) = postSolution
		SolutionGuid = {917CD492-2A17-4253-8D00-CBF94E636772}
	EndGlobalSection
EndGlobal
